# THIS IS AN AUTOGENERATED FILE. DO NOT EDIT THIS FILE DIRECTLY.
# yarn lockfile v1


ignite-ir-boilerplate@^2.0.0-rc.7:
  version "2.0.0-rc.7"
  resolved "https://registry.yarnpkg.com/ignite-ir-boilerplate/-/ignite-ir-boilerplate-2.0.0-rc.7.tgz#41a53574a0ef0c40d19523b566b0eb8a9432c59d"
  dependencies:
    ramda "^0.23.0"

ramda@^0.23.0:
  version "0.23.0"
  resolved "https://registry.yarnpkg.com/ramda/-/ramda-0.23.0.tgz#ccd13fff73497a93974e3e86327bfd87bd6e8e2b"
